
Microsoft Visual Studio Solution File, Format Version 12.00
# Visual Studio Version 16
VisualStudioVersion = 16.0.32228.343
MinimumVisualStudioVersion = 10.0.40219.1
Project("{FAE04EC0-301F-11D3-BF4B-00C04F79EFBC}") = "HomeOfficeJobs", "HomeOfficeJobs.csproj", "{5C94FCD6-E2A5-4D9B-9812-4B2F9E6439BA}"
EndProject
Global
	GlobalSection(SolutionConfigurationPlatforms) = preSolution
		Debug|Any CPU = Debug|Any CPU
		Release|Any CPU = Release|Any CPU
	EndGlobalSection
	GlobalSection(ProjectConfigurationPlatforms) = postSolution
		{5C94FCD6-E2A5-4D9B-9812-4B2F9E6439BA}.Debug|Any CPU.ActiveCfg = Debug|Any CPU
		{5C94FCD6-E2A5-4D9B-9812-4B2F9E6439BA}.Debug|Any CPU.Build.0 = Debug|Any CPU
		{5C94FCD6-E2A5-4D9B-9812-4B2F9E6439BA}.Release|Any CPU.ActiveCfg = Release|Any CPU
		{5C94FCD6-E2A5-4D9B-9812-4B2F9E6439BA}.Release|Any CPU.Build.0 = Release|Any CPU
	EndGlobalSection
	GlobalSection(SolutionProperties) = preSolution
		HideSolutionNode = FALSE
	EndGlobalSection
	GlobalSection(ExtensibilityGlobals) = postSolution
		SolutionGuid = {42232758-517E-4BAB-B032-A0D61F389FB5}
	EndGlobalSection
EndGlobal
